
Microsoft Visual Studio Solution File, Format Version 12.00
# Visual Studio Version 16
VisualStudioVersion = 16.0.30907.101
MinimumVisualStudioVersion = 10.0.40219.1
Project("{FAE04EC0-301F-11D3-BF4B-00C04F79EFBC}") = "BCGL.Android", "BCGL\BCGL.Android\BCGL.Android.csproj", "{87899B03-E731-44FE-9C0E-7D2429BC2535}"
EndProject
Project("{FAE04EC0-301F-11D3-BF4B-00C04F79EFBC}") = "BCGL.iOS", "BCGL\BCGL.iOS\BCGL.iOS.csproj", "{2CF0195C-916C-483B-B999-9616EB4FD504}"
EndProject
Project("{FAE04EC0-301F-11D3-BF4B-00C04F79EFBC}") = "BCGL", "BCGL\BCGL\BCGL.csproj", "{5A5FE524-71E6-4467-973E-F86B78AF4807}"
EndProject
Global
	GlobalSection(SolutionConfigurationPlatforms) = preSolution
		Debug|Any CPU = Debug|Any CPU
		Debug|iPhone = Debug|iPhone
		Debug|iPhoneSimulator = Debug|iPhoneSimulator
		Release|Any CPU = Release|Any CPU
		Release|iPhone = Release|iPhone
		Release|iPhoneSimulator = Release|iPhoneSimulator
	EndGlobalSection
	GlobalSection(ProjectConfigurationPlatforms) = postSolution
		{87899B03-E731-44FE-9C0E-7D2429BC2535}.Debug|Any CPU.ActiveCfg = Debug|Any CPU
		{87899B03-E731-44FE-9C0E-7D2429BC2535}.Debug|Any CPU.Build.0 = Debug|Any CPU
		{87899B03-E731-44FE-9C0E-7D2429BC2535}.Debug|Any CPU.Deploy.0 = Debug|Any CPU
		{87899B03-E731-44FE-9C0E-7D2429BC2535}.Debug|iPhone.ActiveCfg = Debug|Any CPU
		{87899B03-E731-44FE-9C0E-7D2429BC2535}.Debug|iPhone.Build.0 = Debug|Any CPU
		{87899B03-E731-44FE-9C0E-7D2429BC2535}.Debug|iPhone.Deploy.0 = Debug|Any CPU
		{87899B03-E731-44FE-9C0E-7D2429BC2535}.Debug|iPhoneSimulator.ActiveCfg = Debug|Any CPU
		{87899B03-E731-44FE-9C0E-7D2429BC2535}.Debug|iPhoneSimulator.Build.0 = Debug|Any CPU
		{87899B03-E731-44FE-9C0E-7D2429BC2535}.Debug|iPhoneSimulator.Deploy.0 = Debug|Any CPU
		{87899B03-E731-44FE-9C0E-7D2429BC2535}.Release|Any CPU.ActiveCfg = Release|Any CPU
		{87899B03-E731-44FE-9C0E-7D2429BC2535}.Release|Any CPU.Build.0 = Release|Any CPU
		{87899B03-E731-44FE-9C0E-7D2429BC2535}.Release|Any CPU.Deploy.0 = Release|Any CPU
		{87899B03-E731-44FE-9C0E-7D2429BC2535}.Release|iPhone.ActiveCfg = Release|Any CPU
		{87899B03-E731-44FE-9C0E-7D2429BC2535}.Release|iPhone.Build.0 = Release|Any CPU
		{87899B03-E731-44FE-9C0E-7D2429BC2535}.Release|iPhone.Deploy.0 = Release|Any CPU
		{87899B03-E731-44FE-9C0E-7D2429BC2535}.Release|iPhoneSimulator.ActiveCfg = Release|Any CPU
		{87899B03-E731-44FE-9C0E-7D2429BC2535}.Release|iPhoneSimulator.Build.0 = Release|Any CPU
		{87899B03-E731-44FE-9C0E-7D2429BC2535}.Release|iPhoneSimulator.Deploy.0 = Release|Any CPU
		{2CF0195C-916C-483B-B999-9616EB4FD504}.Debug|Any CPU.ActiveCfg = Debug|iPhone
		{2CF0195C-916C-483B-B999-9616EB4FD504}.Debug|Any CPU.Build.0 = Debug|iPhone
		{2CF0195C-916C-483B-B999-9616EB4FD504}.Debug|Any CPU.Deploy.0 = Debug|iPhone
		{2CF0195C-916C-483B-B999-9616EB4FD504}.Debug|iPhone.ActiveCfg = Debug|iPhone
		{2CF0195C-916C-483B-B999-9616EB4FD504}.Debug|iPhone.Build.0 = Debug|iPhone
		{2CF0195C-916C-483B-B999-9616EB4FD504}.Debug|iPhone.Deploy.0 = Debug|iPhone
		{2CF0195C-916C-483B-B999-9616EB4FD504}.Debug|iPhoneSimulator.ActiveCfg = Debug|iPhoneSimulator
		{2CF0195C-916C-483B-B999-9616EB4FD504}.Debug|iPhoneSimulator.Build.0 = Debug|iPhoneSimulator
		{2CF0195C-916C-483B-B999-9616EB4FD504}.Debug|iPhoneSimulator.Deploy.0 = Debug|iPhoneSimulator
		{2CF0195C-916C-483B-B999-9616EB4FD504}.Release|Any CPU.ActiveCfg = Release|iPhoneSimulator
		{2CF0195C-916C-483B-B999-9616EB4FD504}.Release|Any CPU.Build.0 = Release|iPhoneSimulator
		{2CF0195C-916C-483B-B999-9616EB4FD504}.Release|Any CPU.Deploy.0 = Release|iPhoneSimulator
		{2CF0195C-916C-483B-B999-9616EB4FD504}.Release|iPhone.ActiveCfg = Release|iPhone
		{2CF0195C-916C-483B-B999-9616EB4FD504}.Release|iPhone.Build.0 = Release|iPhone
		{2CF0195C-916C-483B-B999-9616EB4FD504}.Release|iPhone.Deploy.0 = Release|iPhone
		{2CF0195C-916C-483B-B999-9616EB4FD504}.Release|iPhoneSimulator.ActiveCfg = Release|iPhoneSimulator
		{2CF0195C-916C-483B-B999-9616EB4FD504}.Release|iPhoneSimulator.Build.0 = Release|iPhoneSimulator
		{2CF0195C-916C-483B-B999-9616EB4FD504}.Release|iPhoneSimulator.Deploy.0 = Release|iPhoneSimulator
		{5A5FE524-71E6-4467-973E-F86B78AF4807}.Debug|Any CPU.ActiveCfg = Debug|Any CPU
		{5A5FE524-71E6-4467-973E-F86B78AF4807}.Debug|Any CPU.Build.0 = Debug|Any CPU
		{5A5FE524-71E6-4467-973E-F86B78AF4807}.Debug|Any CPU.Deploy.0 = Debug|Any CPU
		{5A5FE524-71E6-4467-973E-F86B78AF4807}.Debug|iPhone.ActiveCfg = Debug|Any CPU
		{5A5FE524-71E6-4467-973E-F86B78AF4807}.Debug|iPhone.Build.0 = Debug|Any CPU
		{5A5FE524-71E6-4467-973E-F86B78AF4807}.Debug|iPhone.Deploy.0 = Debug|Any CPU
		{5A5FE524-71E6-4467-973E-F86B78AF4807}.Debug|iPhoneSimulator.ActiveCfg = Debug|Any CPU
		{5A5FE524-71E6-4467-973E-F86B78AF4807}.Debug|iPhoneSimulator.Build.0 = Debug|Any CPU
		{5A5FE524-71E6-4467-973E-F86B78AF4807}.Debug|iPhoneSimulator.Deploy.0 = Debug|Any CPU
		{5A5FE524-71E6-4467-973E-F86B78AF4807}.Release|Any CPU.ActiveCfg = Release|Any CPU
		{5A5FE524-71E6-4467-973E-F86B78AF4807}.Release|Any CPU.Build.0 = Release|Any CPU
		{5A5FE524-71E6-4467-973E-F86B78AF4807}.Release|Any CPU.Deploy.0 = Release|Any CPU
		{5A5FE524-71E6-4467-973E-F86B78AF4807}.Release|iPhone.ActiveCfg = Release|Any CPU
		{5A5FE524-71E6-4467-973E-F86B78AF4807}.Release|iPhone.Build.0 = Release|Any CPU
		{5A5FE524-71E6-4467-973E-F86B78AF4807}.Release|iPhone.Deploy.0 = Release|Any CPU
		{5A5FE524-71E6-4467-973E-F86B78AF4807}.Release|iPhoneSimulator.ActiveCfg = Release|Any CPU
		{5A5FE524-71E6-4467-973E-F86B78AF4807}.Release|iPhoneSimulator.Build.0 = Release|Any CPU
		{5A5FE524-71E6-4467-973E-F86B78AF4807}.Release|iPhoneSimulator.Deploy.0 = Release|Any CPU
	EndGlobalSection
	GlobalSection(SolutionProperties) = preSolution
		HideSolutionNode = FALSE
	EndGlobalSection
	GlobalSection(ExtensibilityGlobals) = postSolution
		SolutionGuid = {7CBF2180-3DF4-4E7D-A698-A874BD2A03ED}
	EndGlobalSection
EndGlobal
