
Microsoft Visual Studio Solution File, Format Version 12.00
# Visual Studio Version 16
VisualStudioVersion = 16.0.30907.101
MinimumVisualStudioVersion = 10.0.40219.1
Project("{FAE04EC0-301F-11D3-BF4B-00C04F79EFBC}") = "BCGL.Android", "BCGL\BCGL.Android\BCGL.Android.csproj", "{9698D809-654D-489D-A21C-FEC274B20922}"
EndProject
Project("{FAE04EC0-301F-11D3-BF4B-00C04F79EFBC}") = "BCGL.iOS", "BCGL\BCGL.iOS\BCGL.iOS.csproj", "{D31425D3-9897-4424-8E49-C0105863FF18}"
EndProject
Project("{9344BDBB-3E7F-41FC-A0DD-8665D75EE146}") = "BCGL", "BCGL\BCGL\BCGL.csproj", "{4A1BD184-DCC2-4921-99FB-057F4725B299}"
EndProject
Global
	GlobalSection(SolutionConfigurationPlatforms) = preSolution
		Debug|Any CPU = Debug|Any CPU
		Debug|iPhone = Debug|iPhone
		Debug|iPhoneSimulator = Debug|iPhoneSimulator
		Release|Any CPU = Release|Any CPU
		Release|iPhone = Release|iPhone
		Release|iPhoneSimulator = Release|iPhoneSimulator
	EndGlobalSection
	GlobalSection(ProjectConfigurationPlatforms) = postSolution
		{9698D809-654D-489D-A21C-FEC274B20922}.Debug|Any CPU.ActiveCfg = Debug|Any CPU
		{9698D809-654D-489D-A21C-FEC274B20922}.Debug|Any CPU.Build.0 = Debug|Any CPU
		{9698D809-654D-489D-A21C-FEC274B20922}.Debug|Any CPU.Deploy.0 = Debug|Any CPU
		{9698D809-654D-489D-A21C-FEC274B20922}.Debug|iPhone.ActiveCfg = Debug|Any CPU
		{9698D809-654D-489D-A21C-FEC274B20922}.Debug|iPhone.Build.0 = Debug|Any CPU
		{9698D809-654D-489D-A21C-FEC274B20922}.Debug|iPhone.Deploy.0 = Debug|Any CPU
		{9698D809-654D-489D-A21C-FEC274B20922}.Debug|iPhoneSimulator.ActiveCfg = Debug|Any CPU
		{9698D809-654D-489D-A21C-FEC274B20922}.Debug|iPhoneSimulator.Build.0 = Debug|Any CPU
		{9698D809-654D-489D-A21C-FEC274B20922}.Debug|iPhoneSimulator.Deploy.0 = Debug|Any CPU
		{9698D809-654D-489D-A21C-FEC274B20922}.Release|Any CPU.ActiveCfg = Release|Any CPU
		{9698D809-654D-489D-A21C-FEC274B20922}.Release|Any CPU.Build.0 = Release|Any CPU
		{9698D809-654D-489D-A21C-FEC274B20922}.Release|Any CPU.Deploy.0 = Release|Any CPU
		{9698D809-654D-489D-A21C-FEC274B20922}.Release|iPhone.ActiveCfg = Release|Any CPU
		{9698D809-654D-489D-A21C-FEC274B20922}.Release|iPhone.Build.0 = Release|Any CPU
		{9698D809-654D-489D-A21C-FEC274B20922}.Release|iPhone.Deploy.0 = Release|Any CPU
		{9698D809-654D-489D-A21C-FEC274B20922}.Release|iPhoneSimulator.ActiveCfg = Release|Any CPU
		{9698D809-654D-489D-A21C-FEC274B20922}.Release|iPhoneSimulator.Build.0 = Release|Any CPU
		{9698D809-654D-489D-A21C-FEC274B20922}.Release|iPhoneSimulator.Deploy.0 = Release|Any CPU
		{D31425D3-9897-4424-8E49-C0105863FF18}.Debug|Any CPU.ActiveCfg = Debug|iPhone
		{D31425D3-9897-4424-8E49-C0105863FF18}.Debug|Any CPU.Build.0 = Debug|iPhone
		{D31425D3-9897-4424-8E49-C0105863FF18}.Debug|Any CPU.Deploy.0 = Debug|iPhone
		{D31425D3-9897-4424-8E49-C0105863FF18}.Debug|iPhone.ActiveCfg = Debug|iPhone
		{D31425D3-9897-4424-8E49-C0105863FF18}.Debug|iPhone.Build.0 = Debug|iPhone
		{D31425D3-9897-4424-8E49-C0105863FF18}.Debug|iPhone.Deploy.0 = Debug|iPhone
		{D31425D3-9897-4424-8E49-C0105863FF18}.Debug|iPhoneSimulator.ActiveCfg = Debug|iPhoneSimulator
		{D31425D3-9897-4424-8E49-C0105863FF18}.Debug|iPhoneSimulator.Build.0 = Debug|iPhoneSimulator
		{D31425D3-9897-4424-8E49-C0105863FF18}.Debug|iPhoneSimulator.Deploy.0 = Debug|iPhoneSimulator
		{D31425D3-9897-4424-8E49-C0105863FF18}.Release|Any CPU.ActiveCfg = Release|iPhoneSimulator
		{D31425D3-9897-4424-8E49-C0105863FF18}.Release|Any CPU.Build.0 = Release|iPhoneSimulator
		{D31425D3-9897-4424-8E49-C0105863FF18}.Release|Any CPU.Deploy.0 = Release|iPhoneSimulator
		{D31425D3-9897-4424-8E49-C0105863FF18}.Release|iPhone.ActiveCfg = Release|iPhone
		{D31425D3-9897-4424-8E49-C0105863FF18}.Release|iPhone.Build.0 = Release|iPhone
		{D31425D3-9897-4424-8E49-C0105863FF18}.Release|iPhone.Deploy.0 = Release|iPhone
		{D31425D3-9897-4424-8E49-C0105863FF18}.Release|iPhoneSimulator.ActiveCfg = Release|iPhoneSimulator
		{D31425D3-9897-4424-8E49-C0105863FF18}.Release|iPhoneSimulator.Build.0 = Release|iPhoneSimulator
		{D31425D3-9897-4424-8E49-C0105863FF18}.Release|iPhoneSimulator.Deploy.0 = Release|iPhoneSimulator
		{4A1BD184-DCC2-4921-99FB-057F4725B299}.Debug|Any CPU.ActiveCfg = Debug|Any CPU
		{4A1BD184-DCC2-4921-99FB-057F4725B299}.Debug|Any CPU.Build.0 = Debug|Any CPU
		{4A1BD184-DCC2-4921-99FB-057F4725B299}.Debug|Any CPU.Deploy.0 = Debug|Any CPU
		{4A1BD184-DCC2-4921-99FB-057F4725B299}.Debug|iPhone.ActiveCfg = Debug|Any CPU
		{4A1BD184-DCC2-4921-99FB-057F4725B299}.Debug|iPhone.Build.0 = Debug|Any CPU
		{4A1BD184-DCC2-4921-99FB-057F4725B299}.Debug|iPhone.Deploy.0 = Debug|Any CPU
		{4A1BD184-DCC2-4921-99FB-057F4725B299}.Debug|iPhoneSimulator.ActiveCfg = Debug|Any CPU
		{4A1BD184-DCC2-4921-99FB-057F4725B299}.Debug|iPhoneSimulator.Build.0 = Debug|Any CPU
		{4A1BD184-DCC2-4921-99FB-057F4725B299}.Debug|iPhoneSimulator.Deploy.0 = Debug|Any CPU
		{4A1BD184-DCC2-4921-99FB-057F4725B299}.Release|Any CPU.ActiveCfg = Release|Any CPU
		{4A1BD184-DCC2-4921-99FB-057F4725B299}.Release|Any CPU.Build.0 = Release|Any CPU
		{4A1BD184-DCC2-4921-99FB-057F4725B299}.Release|Any CPU.Deploy.0 = Release|Any CPU
		{4A1BD184-DCC2-4921-99FB-057F4725B299}.Release|iPhone.ActiveCfg = Release|Any CPU
		{4A1BD184-DCC2-4921-99FB-057F4725B299}.Release|iPhone.Build.0 = Release|Any CPU
		{4A1BD184-DCC2-4921-99FB-057F4725B299}.Release|iPhone.Deploy.0 = Release|Any CPU
		{4A1BD184-DCC2-4921-99FB-057F4725B299}.Release|iPhoneSimulator.ActiveCfg = Release|Any CPU
		{4A1BD184-DCC2-4921-99FB-057F4725B299}.Release|iPhoneSimulator.Build.0 = Release|Any CPU
		{4A1BD184-DCC2-4921-99FB-057F4725B299}.Release|iPhoneSimulator.Deploy.0 = Release|Any CPU
	EndGlobalSection
	GlobalSection(SolutionProperties) = preSolution
		HideSolutionNode = FALSE
	EndGlobalSection
	GlobalSection(ExtensibilityGlobals) = postSolution
		SolutionGuid = {0579F3D6-9622-43CE-85FA-0B09719C6AE1}
	EndGlobalSection
EndGlobal
